
Microsoft Visual Studio Solution File, Format Version 12.00
# Visual Studio Version 16
VisualStudioVersion = 16.0.29709.97
MinimumVisualStudioVersion = 10.0.40219.1
Project("{FAE04EC0-301F-11D3-BF4B-00C04F79EFBC}") = "CopyGroupRevitPlugin", "CopyGroupRevitPlugin\CopyGroupRevitPlugin.csproj", "{A97DBCA0-C752-427B-9C82-750E6178EFC7}"
EndProject
Global
	GlobalSection(SolutionConfigurationPlatforms) = preSolution
		Debug|Any CPU = Debug|Any CPU
		Release|Any CPU = Release|Any CPU
	EndGlobalSection
	GlobalSection(ProjectConfigurationPlatforms) = postSolution
		{A97DBCA0-C752-427B-9C82-750E6178EFC7}.Debug|Any CPU.ActiveCfg = Debug|Any CPU
		{A97DBCA0-C752-427B-9C82-750E6178EFC7}.Debug|Any CPU.Build.0 = Debug|Any CPU
		{A97DBCA0-C752-427B-9C82-750E6178EFC7}.Release|Any CPU.ActiveCfg = Release|Any CPU
		{A97DBCA0-C752-427B-9C82-750E6178EFC7}.Release|Any CPU.Build.0 = Release|Any CPU
	EndGlobalSection
	GlobalSection(SolutionProperties) = preSolution
		HideSolutionNode = FALSE
	EndGlobalSection
	GlobalSection(ExtensibilityGlobals) = postSolution
		SolutionGuid = {A07F33F3-20C8-437B-8EEC-D6FC37A75706}
	EndGlobalSection
EndGlobal
